
Microsoft Visual Studio Solution File, Format Version 12.00
# Visual Studio 15
VisualStudioVersion = 15.0.27703.2047
MinimumVisualStudioVersion = 10.0.40219.1
Project("{FAE04EC0-301F-11D3-BF4B-00C04F79EFBC}") = "LearningCpppFrameWork", "LearningCppp\LearningCpppFrameWork.csproj", "{1D94508A-1168-4ECA-BDB6-5A8E906F09F0}"
EndProject
Project("{9A19103F-16F7-4668-BE54-9A1E7A4F7556}") = "cppppCore", "cpppp\cppppCore.csproj", "{34583C3C-35B7-4D60-904F-499FF1888001}"
EndProject
Project("{FAE04EC0-301F-11D3-BF4B-00C04F79EFBC}") = "Classes", "Classes\Classes.csproj", "{2E580EBE-B919-4E05-AB40-EC7E93A52653}"
EndProject
Project("{FAE04EC0-301F-11D3-BF4B-00C04F79EFBC}") = "Generics", "Interfaces\Generics.csproj", "{9EF80326-A085-488A-9A2A-8C30875C99B1}"
EndProject
Project("{FAE04EC0-301F-11D3-BF4B-00C04F79EFBC}") = "Delegates", "Delegates\Delegates.csproj", "{63F1B5FA-B9AD-4A9E-BA43-DF42EDBDE642}"
EndProject
Project("{FAE04EC0-301F-11D3-BF4B-00C04F79EFBC}") = "lambdafuction", "lambdafuction\lambdafuction.csproj", "{1ACD714B-6BE9-446C-8283-E53777FA10BC}"
EndProject
Project("{FAE04EC0-301F-11D3-BF4B-00C04F79EFBC}") = "Events", "Events\Events.csproj", "{03935EAA-E67A-4CEC-AC0E-D38736103008}"
EndProject
Project("{FAE04EC0-301F-11D3-BF4B-00C04F79EFBC}") = "Linq", "ExtensionMethods\Linq.csproj", "{30DC2747-D790-4C9C-9550-6E35E345DADD}"
EndProject
Project("{FAE04EC0-301F-11D3-BF4B-00C04F79EFBC}") = "ExceptionHandling", "ExceptionHandling\ExceptionHandling.csproj", "{01AB5687-950D-4D5E-9F6C-72B1124CC8D1}"
EndProject
Project("{FAE04EC0-301F-11D3-BF4B-00C04F79EFBC}") = "Async", "Async\Async.csproj", "{4371A039-37B5-4911-8F6C-D5A5A3BAB4CD}"
EndProject
Global
	GlobalSection(SolutionConfigurationPlatforms) = preSolution
		Debug|Any CPU = Debug|Any CPU
		Release|Any CPU = Release|Any CPU
	EndGlobalSection
	GlobalSection(ProjectConfigurationPlatforms) = postSolution
		{1D94508A-1168-4ECA-BDB6-5A8E906F09F0}.Debug|Any CPU.ActiveCfg = Debug|Any CPU
		{1D94508A-1168-4ECA-BDB6-5A8E906F09F0}.Debug|Any CPU.Build.0 = Debug|Any CPU
		{1D94508A-1168-4ECA-BDB6-5A8E906F09F0}.Release|Any CPU.ActiveCfg = Release|Any CPU
		{1D94508A-1168-4ECA-BDB6-5A8E906F09F0}.Release|Any CPU.Build.0 = Release|Any CPU
		{34583C3C-35B7-4D60-904F-499FF1888001}.Debug|Any CPU.ActiveCfg = Debug|Any CPU
		{34583C3C-35B7-4D60-904F-499FF1888001}.Debug|Any CPU.Build.0 = Debug|Any CPU
		{34583C3C-35B7-4D60-904F-499FF1888001}.Release|Any CPU.ActiveCfg = Release|Any CPU
		{34583C3C-35B7-4D60-904F-499FF1888001}.Release|Any CPU.Build.0 = Release|Any CPU
		{2E580EBE-B919-4E05-AB40-EC7E93A52653}.Debug|Any CPU.ActiveCfg = Debug|Any CPU
		{2E580EBE-B919-4E05-AB40-EC7E93A52653}.Debug|Any CPU.Build.0 = Debug|Any CPU
		{2E580EBE-B919-4E05-AB40-EC7E93A52653}.Release|Any CPU.ActiveCfg = Release|Any CPU
		{2E580EBE-B919-4E05-AB40-EC7E93A52653}.Release|Any CPU.Build.0 = Release|Any CPU
		{9EF80326-A085-488A-9A2A-8C30875C99B1}.Debug|Any CPU.ActiveCfg = Debug|Any CPU
		{9EF80326-A085-488A-9A2A-8C30875C99B1}.Debug|Any CPU.Build.0 = Debug|Any CPU
		{9EF80326-A085-488A-9A2A-8C30875C99B1}.Release|Any CPU.ActiveCfg = Release|Any CPU
		{9EF80326-A085-488A-9A2A-8C30875C99B1}.Release|Any CPU.Build.0 = Release|Any CPU
		{63F1B5FA-B9AD-4A9E-BA43-DF42EDBDE642}.Debug|Any CPU.ActiveCfg = Debug|Any CPU
		{63F1B5FA-B9AD-4A9E-BA43-DF42EDBDE642}.Debug|Any CPU.Build.0 = Debug|Any CPU
		{63F1B5FA-B9AD-4A9E-BA43-DF42EDBDE642}.Release|Any CPU.ActiveCfg = Release|Any CPU
		{63F1B5FA-B9AD-4A9E-BA43-DF42EDBDE642}.Release|Any CPU.Build.0 = Release|Any CPU
		{1ACD714B-6BE9-446C-8283-E53777FA10BC}.Debug|Any CPU.ActiveCfg = Debug|Any CPU
		{1ACD714B-6BE9-446C-8283-E53777FA10BC}.Debug|Any CPU.Build.0 = Debug|Any CPU
		{1ACD714B-6BE9-446C-8283-E53777FA10BC}.Release|Any CPU.ActiveCfg = Release|Any CPU
		{1ACD714B-6BE9-446C-8283-E53777FA10BC}.Release|Any CPU.Build.0 = Release|Any CPU
		{03935EAA-E67A-4CEC-AC0E-D38736103008}.Debug|Any CPU.ActiveCfg = Debug|Any CPU
		{03935EAA-E67A-4CEC-AC0E-D38736103008}.Debug|Any CPU.Build.0 = Debug|Any CPU
		{03935EAA-E67A-4CEC-AC0E-D38736103008}.Release|Any CPU.ActiveCfg = Release|Any CPU
		{03935EAA-E67A-4CEC-AC0E-D38736103008}.Release|Any CPU.Build.0 = Release|Any CPU
		{30DC2747-D790-4C9C-9550-6E35E345DADD}.Debug|Any CPU.ActiveCfg = Debug|Any CPU
		{30DC2747-D790-4C9C-9550-6E35E345DADD}.Debug|Any CPU.Build.0 = Debug|Any CPU
		{30DC2747-D790-4C9C-9550-6E35E345DADD}.Release|Any CPU.ActiveCfg = Release|Any CPU
		{30DC2747-D790-4C9C-9550-6E35E345DADD}.Release|Any CPU.Build.0 = Release|Any CPU
		{01AB5687-950D-4D5E-9F6C-72B1124CC8D1}.Debug|Any CPU.ActiveCfg = Debug|Any CPU
		{01AB5687-950D-4D5E-9F6C-72B1124CC8D1}.Debug|Any CPU.Build.0 = Debug|Any CPU
		{01AB5687-950D-4D5E-9F6C-72B1124CC8D1}.Release|Any CPU.ActiveCfg = Release|Any CPU
		{01AB5687-950D-4D5E-9F6C-72B1124CC8D1}.Release|Any CPU.Build.0 = Release|Any CPU
		{4371A039-37B5-4911-8F6C-D5A5A3BAB4CD}.Debug|Any CPU.ActiveCfg = Debug|Any CPU
		{4371A039-37B5-4911-8F6C-D5A5A3BAB4CD}.Debug|Any CPU.Build.0 = Debug|Any CPU
		{4371A039-37B5-4911-8F6C-D5A5A3BAB4CD}.Release|Any CPU.ActiveCfg = Release|Any CPU
		{4371A039-37B5-4911-8F6C-D5A5A3BAB4CD}.Release|Any CPU.Build.0 = Release|Any CPU
	EndGlobalSection
	GlobalSection(SolutionProperties) = preSolution
		HideSolutionNode = FALSE
	EndGlobalSection
	GlobalSection(ExtensibilityGlobals) = postSolution
		SolutionGuid = {EE7D7F8E-8F2E-49D4-AB56-57546A6243CD}
	EndGlobalSection
EndGlobal
